
Microsoft Visual Studio Solution File, Format Version 12.00
# Visual Studio 15
VisualStudioVersion = 15.0.28307.852
MinimumVisualStudioVersion = 10.0.40219.1
Project("{FAE04EC0-301F-11D3-BF4B-00C04F79EFBC}") = "RamMachine", "RamMachine\RamMachine.csproj", "{7C463E91-27D0-4F41-A20C-EAEA9E7305EA}"
EndProject
Global
	GlobalSection(SolutionConfigurationPlatforms) = preSolution
		Debug|Any CPU = Debug|Any CPU
		Release|Any CPU = Release|Any CPU
	EndGlobalSection
	GlobalSection(ProjectConfigurationPlatforms) = postSolution
		{7C463E91-27D0-4F41-A20C-EAEA9E7305EA}.Debug|Any CPU.ActiveCfg = Debug|Any CPU
		{7C463E91-27D0-4F41-A20C-EAEA9E7305EA}.Debug|Any CPU.Build.0 = Debug|Any CPU
		{7C463E91-27D0-4F41-A20C-EAEA9E7305EA}.Release|Any CPU.ActiveCfg = Release|Any CPU
		{7C463E91-27D0-4F41-A20C-EAEA9E7305EA}.Release|Any CPU.Build.0 = Release|Any CPU
	EndGlobalSection
	GlobalSection(SolutionProperties) = preSolution
		HideSolutionNode = FALSE
	EndGlobalSection
	GlobalSection(ExtensibilityGlobals) = postSolution
		SolutionGuid = {5A3E6C6D-D1BB-439A-A142-D0B0DDA7DEFE}
	EndGlobalSection
EndGlobal
